{
  "meteor": {
    "git": "https://github.com/mad-eye/meteor.git",
    "branch": "eventhandlers",
    "commit": "f3f012891515af2091794d30992172fb6e72c01d"
  },
  "dependencies": {
    "basePackages": {
      "mocha-web": {}
    },
    "packages": {
      "mocha-web": {
        "git": "https://github.com/mad-eye/meteor-mocha-web.git",
        "tag": "v0.0.2",
        "commit": "c534e901f9e5423240ab9c2de121890999d68bbb"
      }
    }
  }
}
