{
  "meteor": {
    "git": "https://github.com/mad-eye/meteor.git",
    "branch": "eventhandlers",
    "commit": "940d236632120b0460f6b34858139118f6a8b2c4"
  },
  "dependencies": {
    "basePackages": {
      "mocha-web": {}
    },
    "packages": {
      "mocha-web": {
        "git": "https://github.com/mad-eye/meteor-mocha-web.git",
        "tag": "v0.0.2",
        "commit": "c534e901f9e5423240ab9c2de121890999d68bbb"
      }
    }
  }
}
